// !$*UTF8*$!
{
	archiveVersion = 1;
	classes = {
	};
	objectVersion = 46;
	objects = {

/* Begin PBXBuildFile section */
		F63BEEA118C005E200FB3325 /* SearchResultsViewController.m in Sources */ = {isa = PBXBuildFile; fileRef = F63BEEA018C005E200FB3325 /* SearchResultsViewController.m */; };
		F63C6CE118BE96770070FFA1 /* Foundation.framework in Frameworks */ = {isa = PBXBuildFile; fileRef = F63C6CE018BE96770070FFA1 /* Foundation.framework */; };
		F63C6CE318BE96770070FFA1 /* CoreGraphics.framework in Frameworks */ = {isa = PBXBuildFile; fileRef = F63C6CE218BE96770070FFA1 /* CoreGraphics.framework */; };
		F63C6CE518BE96770070FFA1 /* UIKit.framework in Frameworks */ = {isa = PBXBuildFile; fileRef = F63C6CE418BE96770070FFA1 /* UIKit.framework */; };
		F63C6CEB18BE96770070FFA1 /* InfoPlist.strings in Resources */ = {isa = PBXBuildFile; fileRef = F63C6CE918BE96770070FFA1 /* InfoPlist.strings */; };
		F63C6CED18BE96770070FFA1 /* main.m in Sources */ = {isa = PBXBuildFile; fileRef = F63C6CEC18BE96770070FFA1 /* main.m */; };
		F63C6CF118BE96770070FFA1 /* TrainDelayedAppDelegate.m in Sources */ = {isa = PBXBuildFile; fileRef = F63C6CF018BE96770070FFA1 /* TrainDelayedAppDelegate.m */; };
		F63C6CF418BE96770070FFA1 /* Main_iPhone.storyboard in Resources */ = {isa = PBXBuildFile; fileRef = F63C6CF218BE96770070FFA1 /* Main_iPhone.storyboard */; };
		F63C6CFF18BE96770070FFA1 /* Images.xcassets in Resources */ = {isa = PBXBuildFile; fileRef = F63C6CFE18BE96770070FFA1 /* Images.xcassets */; };
		F63C6D0618BE96770070FFA1 /* XCTest.framework in Frameworks */ = {isa = PBXBuildFile; fileRef = F63C6D0518BE96770070FFA1 /* XCTest.framework */; };
		F63C6D0718BE96770070FFA1 /* Foundation.framework in Frameworks */ = {isa = PBXBuildFile; fileRef = F63C6CE018BE96770070FFA1 /* Foundation.framework */; };
		F63C6D0818BE96770070FFA1 /* UIKit.framework in Frameworks */ = {isa = PBXBuildFile; fileRef = F63C6CE418BE96770070FFA1 /* UIKit.framework */; };
		F63C6D1018BE96770070FFA1 /* InfoPlist.strings in Resources */ = {isa = PBXBuildFile; fileRef = F63C6D0E18BE96770070FFA1 /* InfoPlist.strings */; };
		F63C6D1218BE96770070FFA1 /* TrainDelaysTests.m in Sources */ = {isa = PBXBuildFile; fileRef = F63C6D1118BE96770070FFA1 /* TrainDelaysTests.m */; };
		F67E839118C0042500548BFD /* SearchFormViewController.m in Sources */ = {isa = PBXBuildFile; fileRef = F67E839018C0042500548BFD /* SearchFormViewController.m */; };
		F6AA39E918BEB50A00CCAD6A /* StationSearchViewController.m in Sources */ = {isa = PBXBuildFile; fileRef = F6AA39E818BEB50A00CCAD6A /* StationSearchViewController.m */; };
/* End PBXBuildFile section */

/* Begin PBXContainerItemProxy section */
		F63C6D0918BE96770070FFA1 /* PBXContainerItemProxy */ = {
			isa = PBXContainerItemProxy;
			containerPortal = F63C6CD518BE96760070FFA1 /* Project object */;
			proxyType = 1;
			remoteGlobalIDString = F63C6CDC18BE96760070FFA1;
			remoteInfo = TrainDelays;
		};
/* End PBXContainerItemProxy section */

/* Begin PBXFileReference section */
		F63BEE9F18C005E200FB3325 /* SearchResultsViewController.h */ = {isa = PBXFileReference; fileEncoding = 4; lastKnownFileType = sourcecode.c.h; path = SearchResultsViewController.h; sourceTree = "<group>"; };
		F63BEEA018C005E200FB3325 /* SearchResultsViewController.m */ = {isa = PBXFileReference; fileEncoding = 4; lastKnownFileType = sourcecode.c.objc; path = SearchResultsViewController.m; sourceTree = "<group>"; };
		F63C6CDD18BE96760070FFA1 /* TrainDelays.app */ = {isa = PBXFileReference; explicitFileType = wrapper.application; includeInIndex = 0; path = TrainDelays.app; sourceTree = BUILT_PRODUCTS_DIR; };
		F63C6CE018BE96770070FFA1 /* Foundation.framework */ = {isa = PBXFileReference; lastKnownFileType = wrapper.framework; name = Foundation.framework; path = System/Library/Frameworks/Foundation.framework; sourceTree = SDKROOT; };
		F63C6CE218BE96770070FFA1 /* CoreGraphics.framework */ = {isa = PBXFileReference; lastKnownFileType = wrapper.framework; name = CoreGraphics.framework; path = System/Library/Frameworks/CoreGraphics.framework; sourceTree = SDKROOT; };
		F63C6CE418BE96770070FFA1 /* UIKit.framework */ = {isa = PBXFileReference; lastKnownFileType = wrapper.framework; name = UIKit.framework; path = System/Library/Frameworks/UIKit.framework; sourceTree = SDKROOT; };
		F63C6CE818BE96770070FFA1 /* TrainDelays-Info.plist */ = {isa = PBXFileReference; lastKnownFileType = text.plist.xml; path = "TrainDelays-Info.plist"; sourceTree = "<group>"; };
		F63C6CEA18BE96770070FFA1 /* en */ = {isa = PBXFileReference; lastKnownFileType = text.plist.strings; name = en; path = en.lproj/InfoPlist.strings; sourceTree = "<group>"; };
		F63C6CEC18BE96770070FFA1 /* main.m */ = {isa = PBXFileReference; lastKnownFileType = sourcecode.c.objc; path = main.m; sourceTree = "<group>"; };
		F63C6CEE18BE96770070FFA1 /* TrainDelays-Prefix.pch */ = {isa = PBXFileReference; lastKnownFileType = sourcecode.c.h; path = "TrainDelays-Prefix.pch"; sourceTree = "<group>"; };
		F63C6CEF18BE96770070FFA1 /* TrainDelayedAppDelegate.h */ = {isa = PBXFileReference; lastKnownFileType = sourcecode.c.h; path = TrainDelayedAppDelegate.h; sourceTree = "<group>"; };
		F63C6CF018BE96770070FFA1 /* TrainDelayedAppDelegate.m */ = {isa = PBXFileReference; lastKnownFileType = sourcecode.c.objc; path = TrainDelayedAppDelegate.m; sourceTree = "<group>"; };
		F63C6CF318BE96770070FFA1 /* Base */ = {isa = PBXFileReference; lastKnownFileType = file.storyboard; name = Base; path = Base.lproj/Main_iPhone.storyboard; sourceTree = "<group>"; };
		F63C6CFE18BE96770070FFA1 /* Images.xcassets */ = {isa = PBXFileReference; lastKnownFileType = folder.assetcatalog; path = Images.xcassets; sourceTree = "<group>"; };
		F63C6D0418BE96770070FFA1 /* TrainDelaysTests.xctest */ = {isa = PBXFileReference; explicitFileType = wrapper.cfbundle; includeInIndex = 0; path = TrainDelaysTests.xctest; sourceTree = BUILT_PRODUCTS_DIR; };
		F63C6D0518BE96770070FFA1 /* XCTest.framework */ = {isa = PBXFileReference; lastKnownFileType = wrapper.framework; name = XCTest.framework; path = Library/Frameworks/XCTest.framework; sourceTree = DEVELOPER_DIR; };
		F63C6D0D18BE96770070FFA1 /* TrainDelaysTests-Info.plist */ = {isa = PBXFileReference; lastKnownFileType = text.plist.xml; path = "TrainDelaysTests-Info.plist"; sourceTree = "<group>"; };
		F63C6D0F18BE96770070FFA1 /* en */ = {isa = PBXFileReference; lastKnownFileType = text.plist.strings; name = en; path = en.lproj/InfoPlist.strings; sourceTree = "<group>"; };
		F63C6D1118BE96770070FFA1 /* TrainDelaysTests.m */ = {isa = PBXFileReference; lastKnownFileType = sourcecode.c.objc; path = TrainDelaysTests.m; sourceTree = "<group>"; };
		F67E838F18C0042500548BFD /* SearchFormViewController.h */ = {isa = PBXFileReference; fileEncoding = 4; lastKnownFileType = sourcecode.c.h; path = SearchFormViewController.h; sourceTree = "<group>"; };
		F67E839018C0042500548BFD /* SearchFormViewController.m */ = {isa = PBXFileReference; fileEncoding = 4; lastKnownFileType = sourcecode.c.objc; path = SearchFormViewController.m; sourceTree = "<group>"; };
		F6AA39E718BEB50A00CCAD6A /* StationSearchViewController.h */ = {isa = PBXFileReference; fileEncoding = 4; lastKnownFileType = sourcecode.c.h; path = StationSearchViewController.h; sourceTree = "<group>"; };
		F6AA39E818BEB50A00CCAD6A /* StationSearchViewController.m */ = {isa = PBXFileReference; fileEncoding = 4; lastKnownFileType = sourcecode.c.objc; path = StationSearchViewController.m; sourceTree = "<group>"; };
/* End PBXFileReference section */

/* Begin PBXFrameworksBuildPhase section */
		F63C6CDA18BE96760070FFA1 /* Frameworks */ = {
			isa = PBXFrameworksBuildPhase;
			buildActionMask = 2147483647;
			files = (
				F63C6CE318BE96770070FFA1 /* CoreGraphics.framework in Frameworks */,
				F63C6CE518BE96770070FFA1 /* UIKit.framework in Frameworks */,
				F63C6CE118BE96770070FFA1 /* Foundation.framework in Frameworks */,
			);
			runOnlyForDeploymentPostprocessing = 0;
		};
		F63C6D0118BE96770070FFA1 /* Frameworks */ = {
			isa = PBXFrameworksBuildPhase;
			buildActionMask = 2147483647;
			files = (
				F63C6D0618BE96770070FFA1 /* XCTest.framework in Frameworks */,
				F63C6D0818BE96770070FFA1 /* UIKit.framework in Frameworks */,
				F63C6D0718BE96770070FFA1 /* Foundation.framework in Frameworks */,
			);
			runOnlyForDeploymentPostprocessing = 0;
		};
/* End PBXFrameworksBuildPhase section */

/* Begin PBXGroup section */
		F63C6CD418BE96760070FFA1 = {
			isa = PBXGroup;
			children = (
				F63C6CE618BE96770070FFA1 /* TrainDelays */,
				F63C6D0B18BE96770070FFA1 /* TrainDelaysTests */,
				F63C6CDF18BE96760070FFA1 /* Frameworks */,
				F63C6CDE18BE96760070FFA1 /* Products */,
			);
			sourceTree = "<group>";
		};
		F63C6CDE18BE96760070FFA1 /* Products */ = {
			isa = PBXGroup;
			children = (
				F63C6CDD18BE96760070FFA1 /* TrainDelays.app */,
				F63C6D0418BE96770070FFA1 /* TrainDelaysTests.xctest */,
			);
			name = Products;
			sourceTree = "<group>";
		};
		F63C6CDF18BE96760070FFA1 /* Frameworks */ = {
			isa = PBXGroup;
			children = (
				F63C6CE018BE96770070FFA1 /* Foundation.framework */,
				F63C6CE218BE96770070FFA1 /* CoreGraphics.framework */,
				F63C6CE418BE96770070FFA1 /* UIKit.framework */,
				F63C6D0518BE96770070FFA1 /* XCTest.framework */,
			);
			name = Frameworks;
			sourceTree = "<group>";
		};
		F63C6CE618BE96770070FFA1 /* TrainDelays */ = {
			isa = PBXGroup;
			children = (
				F63C6CEF18BE96770070FFA1 /* TrainDelayedAppDelegate.h */,
				F63C6CF018BE96770070FFA1 /* TrainDelayedAppDelegate.m */,
				F63C6CF218BE96770070FFA1 /* Main_iPhone.storyboard */,
				F63C6CFE18BE96770070FFA1 /* Images.xcassets */,
				F63C6CE718BE96770070FFA1 /* Supporting Files */,
				F6AA39E718BEB50A00CCAD6A /* StationSearchViewController.h */,
				F6AA39E818BEB50A00CCAD6A /* StationSearchViewController.m */,
				F67E838F18C0042500548BFD /* SearchFormViewController.h */,
				F67E839018C0042500548BFD /* SearchFormViewController.m */,
				F63BEE9F18C005E200FB3325 /* SearchResultsViewController.h */,
				F63BEEA018C005E200FB3325 /* SearchResultsViewController.m */,
			);
			path = TrainDelays;
			sourceTree = "<group>";
		};
		F63C6CE718BE96770070FFA1 /* Supporting Files */ = {
			isa = PBXGroup;
			children = (
				F63C6CE818BE96770070FFA1 /* TrainDelays-Info.plist */,
				F63C6CE918BE96770070FFA1 /* InfoPlist.strings */,
				F63C6CEC18BE96770070FFA1 /* main.m */,
				F63C6CEE18BE96770070FFA1 /* TrainDelays-Prefix.pch */,
			);
			name = "Supporting Files";
			sourceTree = "<group>";
		};
		F63C6D0B18BE96770070FFA1 /* TrainDelaysTests */ = {
			isa = PBXGroup;
			children = (
				F63C6D1118BE96770070FFA1 /* TrainDelaysTests.m */,
				F63C6D0C18BE96770070FFA1 /* Supporting Files */,
			);
			path = TrainDelaysTests;
			sourceTree = "<group>";
		};
		F63C6D0C18BE96770070FFA1 /* Supporting Files */ = {
			isa = PBXGroup;
			children = (
				F63C6D0D18BE96770070FFA1 /* TrainDelaysTests-Info.plist */,
				F63C6D0E18BE96770070FFA1 /* InfoPlist.strings */,
			);
			name = "Supporting Files";
			sourceTree = "<group>";
		};
/* End PBXGroup section */

/* Begin PBXNativeTarget section */
		F63C6CDC18BE96760070FFA1 /* TrainDelays */ = {
			isa = PBXNativeTarget;
			buildConfigurationList = F63C6D1518BE96770070FFA1 /* Build configuration list for PBXNativeTarget "TrainDelays" */;
			buildPhases = (
				F63C6CD918BE96760070FFA1 /* Sources */,
				F63C6CDA18BE96760070FFA1 /* Frameworks */,
				F63C6CDB18BE96760070FFA1 /* Resources */,
			);
			buildRules = (
			);
			dependencies = (
			);
			name = TrainDelays;
			productName = TrainDelays;
			productReference = F63C6CDD18BE96760070FFA1 /* TrainDelays.app */;
			productType = "com.apple.product-type.application";
		};
		F63C6D0318BE96770070FFA1 /* TrainDelaysTests */ = {
			isa = PBXNativeTarget;
			buildConfigurationList = F63C6D1818BE96770070FFA1 /* Build configuration list for PBXNativeTarget "TrainDelaysTests" */;
			buildPhases = (
				F63C6D0018BE96770070FFA1 /* Sources */,
				F63C6D0118BE96770070FFA1 /* Frameworks */,
				F63C6D0218BE96770070FFA1 /* Resources */,
			);
			buildRules = (
			);
			dependencies = (
				F63C6D0A18BE96770070FFA1 /* PBXTargetDependency */,
			);
			name = TrainDelaysTests;
			productName = TrainDelaysTests;
			productReference = F63C6D0418BE96770070FFA1 /* TrainDelaysTests.xctest */;
			productType = "com.apple.product-type.bundle.unit-test";
		};
/* End PBXNativeTarget section */

/* Begin PBXProject section */
		F63C6CD518BE96760070FFA1 /* Project object */ = {
			isa = PBXProject;
			attributes = {
				CLASSPREFIX = TrainDelayed;
				LastUpgradeCheck = 0500;
				ORGANIZATIONNAME = "Michael Pritchard";
				TargetAttributes = {
					F63C6D0318BE96770070FFA1 = {
						TestTargetID = F63C6CDC18BE96760070FFA1;
					};
				};
			};
			buildConfigurationList = F63C6CD818BE96760070FFA1 /* Build configuration list for PBXProject "TrainDelays" */;
			compatibilityVersion = "Xcode 3.2";
			developmentRegion = English;
			hasScannedForEncodings = 0;
			knownRegions = (
				en,
				Base,
			);
			mainGroup = F63C6CD418BE96760070FFA1;
			productRefGroup = F63C6CDE18BE96760070FFA1 /* Products */;
			projectDirPath = "";
			projectRoot = "";
			targets = (
				F63C6CDC18BE96760070FFA1 /* TrainDelays */,
				F63C6D0318BE96770070FFA1 /* TrainDelaysTests */,
			);
		};
/* End PBXProject section */

/* Begin PBXResourcesBuildPhase section */
		F63C6CDB18BE96760070FFA1 /* Resources */ = {
			isa = PBXResourcesBuildPhase;
			buildActionMask = 2147483647;
			files = (
				F63C6CFF18BE96770070FFA1 /* Images.xcassets in Resources */,
				F63C6CF418BE96770070FFA1 /* Main_iPhone.storyboard in Resources */,
				F63C6CEB18BE96770070FFA1 /* InfoPlist.strings in Resources */,
			);
			runOnlyForDeploymentPostprocessing = 0;
		};
		F63C6D0218BE96770070FFA1 /* Resources */ = {
			isa = PBXResourcesBuildPhase;
			buildActionMask = 2147483647;
			files = (
				F63C6D1018BE96770070FFA1 /* InfoPlist.strings in Resources */,
			);
			runOnlyForDeploymentPostprocessing = 0;
		};
/* End PBXResourcesBuildPhase section */

/* Begin PBXSourcesBuildPhase section */
		F63C6CD918BE96760070FFA1 /* Sources */ = {
			isa = PBXSourcesBuildPhase;
			buildActionMask = 2147483647;
			files = (
				F6AA39E918BEB50A00CCAD6A /* StationSearchViewController.m in Sources */,
				F63BEEA118C005E200FB3325 /* SearchResultsViewController.m in Sources */,
				F63C6CF118BE96770070FFA1 /* TrainDelayedAppDelegate.m in Sources */,
				F67E839118C0042500548BFD /* SearchFormViewController.m in Sources */,
				F63C6CED18BE96770070FFA1 /* main.m in Sources */,
			);
			runOnlyForDeploymentPostprocessing = 0;
		};
		F63C6D0018BE96770070FFA1 /* Sources */ = {
			isa = PBXSourcesBuildPhase;
			buildActionMask = 2147483647;
			files = (
				F63C6D1218BE96770070FFA1 /* TrainDelaysTests.m in Sources */,
			);
			runOnlyForDeploymentPostprocessing = 0;
		};
/* End PBXSourcesBuildPhase section */

/* Begin PBXTargetDependency section */
		F63C6D0A18BE96770070FFA1 /* PBXTargetDependency */ = {
			isa = PBXTargetDependency;
			target = F63C6CDC18BE96760070FFA1 /* TrainDelays */;
			targetProxy = F63C6D0918BE96770070FFA1 /* PBXContainerItemProxy */;
		};
/* End PBXTargetDependency section */

/* Begin PBXVariantGroup section */
		F63C6CE918BE96770070FFA1 /* InfoPlist.strings */ = {
			isa = PBXVariantGroup;
			children = (
				F63C6CEA18BE96770070FFA1 /* en */,
			);
			name = InfoPlist.strings;
			sourceTree = "<group>";
		};
		F63C6CF218BE96770070FFA1 /* Main_iPhone.storyboard */ = {
			isa = PBXVariantGroup;
			children = (
				F63C6CF318BE96770070FFA1 /* Base */,
			);
			name = Main_iPhone.storyboard;
			sourceTree = "<group>";
		};
		F63C6D0E18BE96770070FFA1 /* InfoPlist.strings */ = {
			isa = PBXVariantGroup;
			children = (
				F63C6D0F18BE96770070FFA1 /* en */,
			);
			name = InfoPlist.strings;
			sourceTree = "<group>";
		};
/* End PBXVariantGroup section */

/* Begin XCBuildConfiguration section */
		F63C6D1318BE96770070FFA1 /* Debug */ = {
			isa = XCBuildConfiguration;
			buildSettings = {
				ALWAYS_SEARCH_USER_PATHS = NO;
				ARCHS = "$(ARCHS_STANDARD_INCLUDING_64_BIT)";
				CLANG_CXX_LANGUAGE_STANDARD = "gnu++0x";
				CLANG_CXX_LIBRARY = "libc++";
				CLANG_ENABLE_MODULES = YES;
				CLANG_ENABLE_OBJC_ARC = YES;
				CLANG_WARN_BOOL_CONVERSION = YES;
				CLANG_WARN_CONSTANT_CONVERSION = YES;
				CLANG_WARN_DIRECT_OBJC_ISA_USAGE = YES_ERROR;
				CLANG_WARN_EMPTY_BODY = YES;
				CLANG_WARN_ENUM_CONVERSION = YES;
				CLANG_WARN_INT_CONVERSION = YES;
				CLANG_WARN_OBJC_ROOT_CLASS = YES_ERROR;
				CLANG_WARN__DUPLICATE_METHOD_MATCH = YES;
				"CODE_SIGN_IDENTITY[sdk=iphoneos*]" = "iPhone Developer";
				COPY_PHASE_STRIP = NO;
				GCC_C_LANGUAGE_STANDARD = gnu99;
				GCC_DYNAMIC_NO_PIC = NO;
				GCC_OPTIMIZATION_LEVEL = 0;
				GCC_PREPROCESSOR_DEFINITIONS = (
					"DEBUG=1",
					"$(inherited)",
				);
				GCC_SYMBOLS_PRIVATE_EXTERN = NO;
				GCC_WARN_64_TO_32_BIT_CONVERSION = YES;
				GCC_WARN_ABOUT_RETURN_TYPE = YES_ERROR;
				GCC_WARN_UNDECLARED_SELECTOR = YES;
				GCC_WARN_UNINITIALIZED_AUTOS = YES;
				GCC_WARN_UNUSED_FUNCTION = YES;
				GCC_WARN_UNUSED_VARIABLE = YES;
				IPHONEOS_DEPLOYMENT_TARGET = 7.0;
				ONLY_ACTIVE_ARCH = YES;
				SDKROOT = iphoneos;
				TARGETED_DEVICE_FAMILY = "1,2";
			};
			name = Debug;
		};
		F63C6D1418BE96770070FFA1 /* Release */ = {
			isa = XCBuildConfiguration;
			buildSettings = {
				ALWAYS_SEARCH_USER_PATHS = NO;
				ARCHS = "$(ARCHS_STANDARD_INCLUDING_64_BIT)";
				CLANG_CXX_LANGUAGE_STANDARD = "gnu++0x";
				CLANG_CXX_LIBRARY = "libc++";
				CLANG_ENABLE_MODULES = YES;
				CLANG_ENABLE_OBJC_ARC = YES;
				CLANG_WARN_BOOL_CONVERSION = YES;
				CLANG_WARN_CONSTANT_CONVERSION = YES;
				CLANG_WARN_DIRECT_OBJC_ISA_USAGE = YES_ERROR;
				CLANG_WARN_EMPTY_BODY = YES;
				CLANG_WARN_ENUM_CONVERSION = YES;
				CLANG_WARN_INT_CONVERSION = YES;
				CLANG_WARN_OBJC_ROOT_CLASS = YES_ERROR;
				CLANG_WARN__DUPLICATE_METHOD_MATCH = YES;
				"CODE_SIGN_IDENTITY[sdk=iphoneos*]" = "iPhone Developer";
				COPY_PHASE_STRIP = YES;
				ENABLE_NS_ASSERTIONS = NO;
				GCC_C_LANGUAGE_STANDARD = gnu99;
				GCC_WARN_64_TO_32_BIT_CONVERSION = YES;
				GCC_WARN_ABOUT_RETURN_TYPE = YES_ERROR;
				GCC_WARN_UNDECLARED_SELECTOR = YES;
				GCC_WARN_UNINITIALIZED_AUTOS = YES;
				GCC_WARN_UNUSED_FUNCTION = YES;
				GCC_WARN_UNUSED_VARIABLE = YES;
				IPHONEOS_DEPLOYMENT_TARGET = 7.0;
				SDKROOT = iphoneos;
				TARGETED_DEVICE_FAMILY = "1,2";
				VALIDATE_PRODUCT = YES;
			};
			name = Release;
		};
		F63C6D1618BE96770070FFA1 /* Debug */ = {
			isa = XCBuildConfiguration;
			buildSettings = {
				ASSETCATALOG_COMPILER_APPICON_NAME = AppIcon;
				ASSETCATALOG_COMPILER_LAUNCHIMAGE_NAME = LaunchImage;
				GCC_PRECOMPILE_PREFIX_HEADER = YES;
				GCC_PREFIX_HEADER = "TrainDelays/TrainDelays-Prefix.pch";
				INFOPLIST_FILE = "TrainDelays/TrainDelays-Info.plist";
				PRODUCT_NAME = "$(TARGET_NAME)";
				TARGETED_DEVICE_FAMILY = 1;
				WRAPPER_EXTENSION = app;
			};
			name = Debug;
		};
		F63C6D1718BE96770070FFA1 /* Release */ = {
			isa = XCBuildConfiguration;
			buildSettings = {
				ASSETCATALOG_COMPILER_APPICON_NAME = AppIcon;
				ASSETCATALOG_COMPILER_LAUNCHIMAGE_NAME = LaunchImage;
				GCC_PRECOMPILE_PREFIX_HEADER = YES;
				GCC_PREFIX_HEADER = "TrainDelays/TrainDelays-Prefix.pch";
				INFOPLIST_FILE = "TrainDelays/TrainDelays-Info.plist";
				PRODUCT_NAME = "$(TARGET_NAME)";
				TARGETED_DEVICE_FAMILY = 1;
				WRAPPER_EXTENSION = app;
			};
			name = Release;
		};
		F63C6D1918BE96770070FFA1 /* Debug */ = {
			isa = XCBuildConfiguration;
			buildSettings = {
				ARCHS = "$(ARCHS_STANDARD_INCLUDING_64_BIT)";
				BUNDLE_LOADER = "$(BUILT_PRODUCTS_DIR)/TrainDelays.app/TrainDelays";
				FRAMEWORK_SEARCH_PATHS = (
					"$(SDKROOT)/Developer/Library/Frameworks",
					"$(inherited)",
					"$(DEVELOPER_FRAMEWORKS_DIR)",
				);
				GCC_PRECOMPILE_PREFIX_HEADER = YES;
				GCC_PREFIX_HEADER = "TrainDelays/TrainDelays-Prefix.pch";
				GCC_PREPROCESSOR_DEFINITIONS = (
					"DEBUG=1",
					"$(inherited)",
				);
				INFOPLIST_FILE = "TrainDelaysTests/TrainDelaysTests-Info.plist";
				PRODUCT_NAME = "$(TARGET_NAME)";
				TEST_HOST = "$(BUNDLE_LOADER)";
				WRAPPER_EXTENSION = xctest;
			};
			name = Debug;
		};
		F63C6D1A18BE96770070FFA1 /* Release */ = {
			isa = XCBuildConfiguration;
			buildSettings = {
				ARCHS = "$(ARCHS_STANDARD_INCLUDING_64_BIT)";
				BUNDLE_LOADER = "$(BUILT_PRODUCTS_DIR)/TrainDelays.app/TrainDelays";
				FRAMEWORK_SEARCH_PATHS = (
					"$(SDKROOT)/Developer/Library/Frameworks",
					"$(inherited)",
					"$(DEVELOPER_FRAMEWORKS_DIR)",
				);
				GCC_PRECOMPILE_PREFIX_HEADER = YES;
				GCC_PREFIX_HEADER = "TrainDelays/TrainDelays-Prefix.pch";
				INFOPLIST_FILE = "TrainDelaysTests/TrainDelaysTests-Info.plist";
				PRODUCT_NAME = "$(TARGET_NAME)";
				TEST_HOST = "$(BUNDLE_LOADER)";
				WRAPPER_EXTENSION = xctest;
			};
			name = Release;
		};
/* End XCBuildConfiguration section */

/* Begin XCConfigurationList section */
		F63C6CD818BE96760070FFA1 /* Build configuration list for PBXProject "TrainDelays" */ = {
			isa = XCConfigurationList;
			buildConfigurations = (
				F63C6D1318BE96770070FFA1 /* Debug */,
				F63C6D1418BE96770070FFA1 /* Release */,
			);
			defaultConfigurationIsVisible = 0;
			defaultConfigurationName = Release;
		};
		F63C6D1518BE96770070FFA1 /* Build configuration list for PBXNativeTarget "TrainDelays" */ = {
			isa = XCConfigurationList;
			buildConfigurations = (
				F63C6D1618BE96770070FFA1 /* Debug */,
				F63C6D1718BE96770070FFA1 /* Release */,
			);
			defaultConfigurationIsVisible = 0;
			defaultConfigurationName = Release;
		};
		F63C6D1818BE96770070FFA1 /* Build configuration list for PBXNativeTarget "TrainDelaysTests" */ = {
			isa = XCConfigurationList;
			buildConfigurations = (
				F63C6D1918BE96770070FFA1 /* Debug */,
				F63C6D1A18BE96770070FFA1 /* Release */,
			);
			defaultConfigurationIsVisible = 0;
			defaultConfigurationName = Release;
		};
/* End XCConfigurationList section */
	};
	rootObject = F63C6CD518BE96760070FFA1 /* Project object */;
}
